<?xml version="1.0" encoding="utf-8"?>
<Project ToolsVersion="4.0" xmlns="http://schemas.microsoft.com/developer/msbuild/2003">
  <ItemGroup>
    <ClCompile Include="Agregator.cpp" />
    <ClCompile Include="RingBuffer\RingBuffer.cpp" />
  </ItemGroup>
  <ItemGroup>
    <ClInclude Include="RingBuffer\RingBuffer.h" />
  </ItemGroup>
</Project>